
Microsoft Visual Studio Solution File, Format Version 12.00
# Visual Studio Version 16
VisualStudioVersion = 16.0.28803.156
MinimumVisualStudioVersion = 10.0.40219.1
Project("{FAE04EC0-301F-11D3-BF4B-00C04F79EFBC}") = "Online_Shopping_Center", "Online_Shopping_Center\Online_Shopping_Center.csproj", "{05F8314B-48FD-4DEF-8BA2-D79DE8E02FC2}"
EndProject
Global
	GlobalSection(SolutionConfigurationPlatforms) = preSolution
		Debug|Any CPU = Debug|Any CPU
		Release|Any CPU = Release|Any CPU
	EndGlobalSection
	GlobalSection(ProjectConfigurationPlatforms) = postSolution
		{05F8314B-48FD-4DEF-8BA2-D79DE8E02FC2}.Debug|Any CPU.ActiveCfg = Debug|Any CPU
		{05F8314B-48FD-4DEF-8BA2-D79DE8E02FC2}.Debug|Any CPU.Build.0 = Debug|Any CPU
		{05F8314B-48FD-4DEF-8BA2-D79DE8E02FC2}.Release|Any CPU.ActiveCfg = Release|Any CPU
		{05F8314B-48FD-4DEF-8BA2-D79DE8E02FC2}.Release|Any CPU.Build.0 = Release|Any CPU
	EndGlobalSection
	GlobalSection(SolutionProperties) = preSolution
		HideSolutionNode = FALSE
	EndGlobalSection
	GlobalSection(ExtensibilityGlobals) = postSolution
		SolutionGuid = {B05F594D-3C89-463E-B7F4-84FA23BB0DBE}
	EndGlobalSection
EndGlobal
